// !$*UTF8*$!
{
	archiveVersion = 1;
	classes = {
	};
	objectVersion = 55;
	objects = {

/* Begin PBXBuildFile section */
		077616C72852E21900EB1E97 /* AppDelegate.swift in Sources */ = {isa = PBXBuildFile; fileRef = 077616C62852E21900EB1E97 /* AppDelegate.swift */; };
		077616C92852E21900EB1E97 /* SceneDelegate.swift in Sources */ = {isa = PBXBuildFile; fileRef = 077616C82852E21900EB1E97 /* SceneDelegate.swift */; };
		077616CB2852E21900EB1E97 /* ViewController.swift in Sources */ = {isa = PBXBuildFile; fileRef = 077616CA2852E21900EB1E97 /* ViewController.swift */; };
		077616CE2852E21900EB1E97 /* Main.storyboard in Resources */ = {isa = PBXBuildFile; fileRef = 077616CC2852E21900EB1E97 /* Main.storyboard */; };
		077616D02852E21A00EB1E97 /* Assets.xcassets in Resources */ = {isa = PBXBuildFile; fileRef = 077616CF2852E21A00EB1E97 /* Assets.xcassets */; };
		077616D32852E21A00EB1E97 /* LaunchScreen.storyboard in Resources */ = {isa = PBXBuildFile; fileRef = 077616D12852E21A00EB1E97 /* LaunchScreen.storyboard */; };
		077616DE2852E21A00EB1E97 /* WorkItTalkItTests.swift in Sources */ = {isa = PBXBuildFile; fileRef = 077616DD2852E21A00EB1E97 /* WorkItTalkItTests.swift */; };
		077616E82852E21A00EB1E97 /* WorkItTalkItUITests.swift in Sources */ = {isa = PBXBuildFile; fileRef = 077616E72852E21A00EB1E97 /* WorkItTalkItUITests.swift */; };
		077616EA2852E21A00EB1E97 /* WorkItTalkItUITestsLaunchTests.swift in Sources */ = {isa = PBXBuildFile; fileRef = 077616E92852E21A00EB1E97 /* WorkItTalkItUITestsLaunchTests.swift */; };
		077616F92852E2E600EB1E97 /* .swiftlint.yml in Resources */ = {isa = PBXBuildFile; fileRef = 077616F82852E2E600EB1E97 /* .swiftlint.yml */; };
/* End PBXBuildFile section */

/* Begin PBXContainerItemProxy section */
		077616DA2852E21A00EB1E97 /* PBXContainerItemProxy */ = {
			isa = PBXContainerItemProxy;
			containerPortal = 077616BB2852E21900EB1E97 /* Project object */;
			proxyType = 1;
			remoteGlobalIDString = 077616C22852E21900EB1E97;
			remoteInfo = WorkItTalkIt;
		};
		077616E42852E21A00EB1E97 /* PBXContainerItemProxy */ = {
			isa = PBXContainerItemProxy;
			containerPortal = 077616BB2852E21900EB1E97 /* Project object */;
			proxyType = 1;
			remoteGlobalIDString = 077616C22852E21900EB1E97;
			remoteInfo = WorkItTalkIt;
		};
/* End PBXContainerItemProxy section */

/* Begin PBXFileReference section */
		077616C32852E21900EB1E97 /* WorkItTalkIt.app */ = {isa = PBXFileReference; explicitFileType = wrapper.application; includeInIndex = 0; path = WorkItTalkIt.app; sourceTree = BUILT_PRODUCTS_DIR; };
		077616C62852E21900EB1E97 /* AppDelegate.swift */ = {isa = PBXFileReference; lastKnownFileType = sourcecode.swift; path = AppDelegate.swift; sourceTree = "<group>"; };
		077616C82852E21900EB1E97 /* SceneDelegate.swift */ = {isa = PBXFileReference; lastKnownFileType = sourcecode.swift; path = SceneDelegate.swift; sourceTree = "<group>"; };
		077616CA2852E21900EB1E97 /* ViewController.swift */ = {isa = PBXFileReference; lastKnownFileType = sourcecode.swift; path = ViewController.swift; sourceTree = "<group>"; };
		077616CD2852E21900EB1E97 /* Base */ = {isa = PBXFileReference; lastKnownFileType = file.storyboard; name = Base; path = Base.lproj/Main.storyboard; sourceTree = "<group>"; };
		077616CF2852E21A00EB1E97 /* Assets.xcassets */ = {isa = PBXFileReference; lastKnownFileType = folder.assetcatalog; path = Assets.xcassets; sourceTree = "<group>"; };
		077616D22852E21A00EB1E97 /* Base */ = {isa = PBXFileReference; lastKnownFileType = file.storyboard; name = Base; path = Base.lproj/LaunchScreen.storyboard; sourceTree = "<group>"; };
		077616D42852E21A00EB1E97 /* Info.plist */ = {isa = PBXFileReference; lastKnownFileType = text.plist.xml; path = Info.plist; sourceTree = "<group>"; };
		077616D92852E21A00EB1E97 /* WorkItTalkItTests.xctest */ = {isa = PBXFileReference; explicitFileType = wrapper.cfbundle; includeInIndex = 0; path = WorkItTalkItTests.xctest; sourceTree = BUILT_PRODUCTS_DIR; };
		077616DD2852E21A00EB1E97 /* WorkItTalkItTests.swift */ = {isa = PBXFileReference; lastKnownFileType = sourcecode.swift; path = WorkItTalkItTests.swift; sourceTree = "<group>"; };
		077616E32852E21A00EB1E97 /* WorkItTalkItUITests.xctest */ = {isa = PBXFileReference; explicitFileType = wrapper.cfbundle; includeInIndex = 0; path = WorkItTalkItUITests.xctest; sourceTree = BUILT_PRODUCTS_DIR; };
		077616E72852E21A00EB1E97 /* WorkItTalkItUITests.swift */ = {isa = PBXFileReference; lastKnownFileType = sourcecode.swift; path = WorkItTalkItUITests.swift; sourceTree = "<group>"; };
		077616E92852E21A00EB1E97 /* WorkItTalkItUITestsLaunchTests.swift */ = {isa = PBXFileReference; lastKnownFileType = sourcecode.swift; path = WorkItTalkItUITestsLaunchTests.swift; sourceTree = "<group>"; };
		077616F82852E2E600EB1E97 /* .swiftlint.yml */ = {isa = PBXFileReference; lastKnownFileType = text.yaml; path = .swiftlint.yml; sourceTree = "<group>"; };
/* End PBXFileReference section */

/* Begin PBXFrameworksBuildPhase section */
		077616C02852E21900EB1E97 /* Frameworks */ = {
			isa = PBXFrameworksBuildPhase;
			buildActionMask = 2147483647;
			files = (
			);
			runOnlyForDeploymentPostprocessing = 0;
		};
		077616D62852E21A00EB1E97 /* Frameworks */ = {
			isa = PBXFrameworksBuildPhase;
			buildActionMask = 2147483647;
			files = (
			);
			runOnlyForDeploymentPostprocessing = 0;
		};
		077616E02852E21A00EB1E97 /* Frameworks */ = {
			isa = PBXFrameworksBuildPhase;
			buildActionMask = 2147483647;
			files = (
			);
			runOnlyForDeploymentPostprocessing = 0;
		};
/* End PBXFrameworksBuildPhase section */

/* Begin PBXGroup section */
		077616BA2852E21900EB1E97 = {
			isa = PBXGroup;
			children = (
				077616F82852E2E600EB1E97 /* .swiftlint.yml */,
				077616C52852E21900EB1E97 /* WorkItTalkIt */,
				077616DC2852E21A00EB1E97 /* WorkItTalkItTests */,
				077616E62852E21A00EB1E97 /* WorkItTalkItUITests */,
				077616C42852E21900EB1E97 /* Products */,
			);
			sourceTree = "<group>";
		};
		077616C42852E21900EB1E97 /* Products */ = {
			isa = PBXGroup;
			children = (
				077616C32852E21900EB1E97 /* WorkItTalkIt.app */,
				077616D92852E21A00EB1E97 /* WorkItTalkItTests.xctest */,
				077616E32852E21A00EB1E97 /* WorkItTalkItUITests.xctest */,
			);
			name = Products;
			sourceTree = "<group>";
		};
		077616C52852E21900EB1E97 /* WorkItTalkIt */ = {
			isa = PBXGroup;
			children = (
				077616C62852E21900EB1E97 /* AppDelegate.swift */,
				077616C82852E21900EB1E97 /* SceneDelegate.swift */,
				077616CA2852E21900EB1E97 /* ViewController.swift */,
				077616CC2852E21900EB1E97 /* Main.storyboard */,
				077616CF2852E21A00EB1E97 /* Assets.xcassets */,
				077616D12852E21A00EB1E97 /* LaunchScreen.storyboard */,
				077616D42852E21A00EB1E97 /* Info.plist */,
			);
			path = WorkItTalkIt;
			sourceTree = "<group>";
		};
		077616DC2852E21A00EB1E97 /* WorkItTalkItTests */ = {
			isa = PBXGroup;
			children = (
				077616DD2852E21A00EB1E97 /* WorkItTalkItTests.swift */,
			);
			path = WorkItTalkItTests;
			sourceTree = "<group>";
		};
		077616E62852E21A00EB1E97 /* WorkItTalkItUITests */ = {
			isa = PBXGroup;
			children = (
				077616E72852E21A00EB1E97 /* WorkItTalkItUITests.swift */,
				077616E92852E21A00EB1E97 /* WorkItTalkItUITestsLaunchTests.swift */,
			);
			path = WorkItTalkItUITests;
			sourceTree = "<group>";
		};
/* End PBXGroup section */

/* Begin PBXNativeTarget section */
		077616C22852E21900EB1E97 /* WorkItTalkIt */ = {
			isa = PBXNativeTarget;
			buildConfigurationList = 077616ED2852E21A00EB1E97 /* Build configuration list for PBXNativeTarget "WorkItTalkIt" */;
			buildPhases = (
				077616BF2852E21900EB1E97 /* Sources */,
				077616C02852E21900EB1E97 /* Frameworks */,
				077616C12852E21900EB1E97 /* Resources */,
				077616F62852E2A000EB1E97 /* ShellScript */,
			);
			buildRules = (
			);
			dependencies = (
			);
			name = WorkItTalkIt;
			productName = WorkItTalkIt;
			productReference = 077616C32852E21900EB1E97 /* WorkItTalkIt.app */;
			productType = "com.apple.product-type.application";
		};
		077616D82852E21A00EB1E97 /* WorkItTalkItTests */ = {
			isa = PBXNativeTarget;
			buildConfigurationList = 077616F02852E21A00EB1E97 /* Build configuration list for PBXNativeTarget "WorkItTalkItTests" */;
			buildPhases = (
				077616D52852E21A00EB1E97 /* Sources */,
				077616D62852E21A00EB1E97 /* Frameworks */,
				077616D72852E21A00EB1E97 /* Resources */,
			);
			buildRules = (
			);
			dependencies = (
				077616DB2852E21A00EB1E97 /* PBXTargetDependency */,
			);
			name = WorkItTalkItTests;
			productName = WorkItTalkItTests;
			productReference = 077616D92852E21A00EB1E97 /* WorkItTalkItTests.xctest */;
			productType = "com.apple.product-type.bundle.unit-test";
		};
		077616E22852E21A00EB1E97 /* WorkItTalkItUITests */ = {
			isa = PBXNativeTarget;
			buildConfigurationList = 077616F32852E21A00EB1E97 /* Build configuration list for PBXNativeTarget "WorkItTalkItUITests" */;
			buildPhases = (
				077616DF2852E21A00EB1E97 /* Sources */,
				077616E02852E21A00EB1E97 /* Frameworks */,
				077616E12852E21A00EB1E97 /* Resources */,
			);
			buildRules = (
			);
			dependencies = (
				077616E52852E21A00EB1E97 /* PBXTargetDependency */,
			);
			name = WorkItTalkItUITests;
			productName = WorkItTalkItUITests;
			productReference = 077616E32852E21A00EB1E97 /* WorkItTalkItUITests.xctest */;
			productType = "com.apple.product-type.bundle.ui-testing";
		};
/* End PBXNativeTarget section */

/* Begin PBXProject section */
		077616BB2852E21900EB1E97 /* Project object */ = {
			isa = PBXProject;
			attributes = {
				BuildIndependentTargetsInParallel = 1;
				LastSwiftUpdateCheck = 1330;
				LastUpgradeCheck = 1330;
				TargetAttributes = {
					077616C22852E21900EB1E97 = {
						CreatedOnToolsVersion = 13.3;
					};
					077616D82852E21A00EB1E97 = {
						CreatedOnToolsVersion = 13.3;
						TestTargetID = 077616C22852E21900EB1E97;
					};
					077616E22852E21A00EB1E97 = {
						CreatedOnToolsVersion = 13.3;
						TestTargetID = 077616C22852E21900EB1E97;
					};
				};
			};
			buildConfigurationList = 077616BE2852E21900EB1E97 /* Build configuration list for PBXProject "WorkItTalkIt" */;
			compatibilityVersion = "Xcode 13.0";
			developmentRegion = en;
			hasScannedForEncodings = 0;
			knownRegions = (
				en,
				Base,
			);
			mainGroup = 077616BA2852E21900EB1E97;
			productRefGroup = 077616C42852E21900EB1E97 /* Products */;
			projectDirPath = "";
			projectRoot = "";
			targets = (
				077616C22852E21900EB1E97 /* WorkItTalkIt */,
				077616D82852E21A00EB1E97 /* WorkItTalkItTests */,
				077616E22852E21A00EB1E97 /* WorkItTalkItUITests */,
			);
		};
/* End PBXProject section */

/* Begin PBXResourcesBuildPhase section */
		077616C12852E21900EB1E97 /* Resources */ = {
			isa = PBXResourcesBuildPhase;
			buildActionMask = 2147483647;
			files = (
				077616F92852E2E600EB1E97 /* .swiftlint.yml in Resources */,
				077616D32852E21A00EB1E97 /* LaunchScreen.storyboard in Resources */,
				077616D02852E21A00EB1E97 /* Assets.xcassets in Resources */,
				077616CE2852E21900EB1E97 /* Main.storyboard in Resources */,
			);
			runOnlyForDeploymentPostprocessing = 0;
		};
		077616D72852E21A00EB1E97 /* Resources */ = {
			isa = PBXResourcesBuildPhase;
			buildActionMask = 2147483647;
			files = (
			);
			runOnlyForDeploymentPostprocessing = 0;
		};
		077616E12852E21A00EB1E97 /* Resources */ = {
			isa = PBXResourcesBuildPhase;
			buildActionMask = 2147483647;
			files = (
			);
			runOnlyForDeploymentPostprocessing = 0;
		};
/* End PBXResourcesBuildPhase section */

/* Begin PBXShellScriptBuildPhase section */
		077616F62852E2A000EB1E97 /* ShellScript */ = {
			isa = PBXShellScriptBuildPhase;
			buildActionMask = 2147483647;
			files = (
			);
			inputFileListPaths = (
			);
			inputPaths = (
			);
			outputFileListPaths = (
			);
			outputPaths = (
			);
			runOnlyForDeploymentPostprocessing = 0;
			shellPath = /bin/sh;
			shellScript = "export PATH=\"$PATH:/opt/homebrew/bin\"\nif which swiftlint > /dev/null; then\n  swiftlint #autocorrect\nelse\n  echo \"warning: SwiftLint not installed, download from https://github.com/realm/SwiftLint\"\nfi\n";
		};
/* End PBXShellScriptBuildPhase section */

/* Begin PBXSourcesBuildPhase section */
		077616BF2852E21900EB1E97 /* Sources */ = {
			isa = PBXSourcesBuildPhase;
			buildActionMask = 2147483647;
			files = (
				077616CB2852E21900EB1E97 /* ViewController.swift in Sources */,
				077616C72852E21900EB1E97 /* AppDelegate.swift in Sources */,
				077616C92852E21900EB1E97 /* SceneDelegate.swift in Sources */,
			);
			runOnlyForDeploymentPostprocessing = 0;
		};
		077616D52852E21A00EB1E97 /* Sources */ = {
			isa = PBXSourcesBuildPhase;
			buildActionMask = 2147483647;
			files = (
				077616DE2852E21A00EB1E97 /* WorkItTalkItTests.swift in Sources */,
			);
			runOnlyForDeploymentPostprocessing = 0;
		};
		077616DF2852E21A00EB1E97 /* Sources */ = {
			isa = PBXSourcesBuildPhase;
			buildActionMask = 2147483647;
			files = (
				077616E82852E21A00EB1E97 /* WorkItTalkItUITests.swift in Sources */,
				077616EA2852E21A00EB1E97 /* WorkItTalkItUITestsLaunchTests.swift in Sources */,
			);
			runOnlyForDeploymentPostprocessing = 0;
		};
/* End PBXSourcesBuildPhase section */

/* Begin PBXTargetDependency section */
		077616DB2852E21A00EB1E97 /* PBXTargetDependency */ = {
			isa = PBXTargetDependency;
			target = 077616C22852E21900EB1E97 /* WorkItTalkIt */;
			targetProxy = 077616DA2852E21A00EB1E97 /* PBXContainerItemProxy */;
		};
		077616E52852E21A00EB1E97 /* PBXTargetDependency */ = {
			isa = PBXTargetDependency;
			target = 077616C22852E21900EB1E97 /* WorkItTalkIt */;
			targetProxy = 077616E42852E21A00EB1E97 /* PBXContainerItemProxy */;
		};
/* End PBXTargetDependency section */

/* Begin PBXVariantGroup section */
		077616CC2852E21900EB1E97 /* Main.storyboard */ = {
			isa = PBXVariantGroup;
			children = (
				077616CD2852E21900EB1E97 /* Base */,
			);
			name = Main.storyboard;
			sourceTree = "<group>";
		};
		077616D12852E21A00EB1E97 /* LaunchScreen.storyboard */ = {
			isa = PBXVariantGroup;
			children = (
				077616D22852E21A00EB1E97 /* Base */,
			);
			name = LaunchScreen.storyboard;
			sourceTree = "<group>";
		};
/* End PBXVariantGroup section */

/* Begin XCBuildConfiguration section */
		077616EB2852E21A00EB1E97 /* Debug */ = {
			isa = XCBuildConfiguration;
			buildSettings = {
				ALWAYS_SEARCH_USER_PATHS = NO;
				CLANG_ANALYZER_NONNULL = YES;
				CLANG_ANALYZER_NUMBER_OBJECT_CONVERSION = YES_AGGRESSIVE;
				CLANG_CXX_LANGUAGE_STANDARD = "gnu++17";
				CLANG_ENABLE_MODULES = YES;
				CLANG_ENABLE_OBJC_ARC = YES;
				CLANG_ENABLE_OBJC_WEAK = YES;
				CLANG_WARN_BLOCK_CAPTURE_AUTORELEASING = YES;
				CLANG_WARN_BOOL_CONVERSION = YES;
				CLANG_WARN_COMMA = YES;
				CLANG_WARN_CONSTANT_CONVERSION = YES;
				CLANG_WARN_DEPRECATED_OBJC_IMPLEMENTATIONS = YES;
				CLANG_WARN_DIRECT_OBJC_ISA_USAGE = YES_ERROR;
				CLANG_WARN_DOCUMENTATION_COMMENTS = YES;
				CLANG_WARN_EMPTY_BODY = YES;
				CLANG_WARN_ENUM_CONVERSION = YES;
				CLANG_WARN_INFINITE_RECURSION = YES;
				CLANG_WARN_INT_CONVERSION = YES;
				CLANG_WARN_NON_LITERAL_NULL_CONVERSION = YES;
				CLANG_WARN_OBJC_IMPLICIT_RETAIN_SELF = YES;
				CLANG_WARN_OBJC_LITERAL_CONVERSION = YES;
				CLANG_WARN_OBJC_ROOT_CLASS = YES_ERROR;
				CLANG_WARN_QUOTED_INCLUDE_IN_FRAMEWORK_HEADER = YES;
				CLANG_WARN_RANGE_LOOP_ANALYSIS = YES;
				CLANG_WARN_STRICT_PROTOTYPES = YES;
				CLANG_WARN_SUSPICIOUS_MOVE = YES;
				CLANG_WARN_UNGUARDED_AVAILABILITY = YES_AGGRESSIVE;
				CLANG_WARN_UNREACHABLE_CODE = YES;
				CLANG_WARN__DUPLICATE_METHOD_MATCH = YES;
				COPY_PHASE_STRIP = NO;
				DEBUG_INFORMATION_FORMAT = dwarf;
				ENABLE_STRICT_OBJC_MSGSEND = YES;
				ENABLE_TESTABILITY = YES;
				GCC_C_LANGUAGE_STANDARD = gnu11;
				GCC_DYNAMIC_NO_PIC = NO;
				GCC_NO_COMMON_BLOCKS = YES;
				GCC_OPTIMIZATION_LEVEL = 0;
				GCC_PREPROCESSOR_DEFINITIONS = (
					"DEBUG=1",
					"$(inherited)",
				);
				GCC_WARN_64_TO_32_BIT_CONVERSION = YES;
				GCC_WARN_ABOUT_RETURN_TYPE = YES_ERROR;
				GCC_WARN_UNDECLARED_SELECTOR = YES;
				GCC_WARN_UNINITIALIZED_AUTOS = YES_AGGRESSIVE;
				GCC_WARN_UNUSED_FUNCTION = YES;
				GCC_WARN_UNUSED_VARIABLE = YES;
				IPHONEOS_DEPLOYMENT_TARGET = 15.4;
				MTL_ENABLE_DEBUG_INFO = INCLUDE_SOURCE;
				MTL_FAST_MATH = YES;
				ONLY_ACTIVE_ARCH = YES;
				SDKROOT = iphoneos;
				SWIFT_ACTIVE_COMPILATION_CONDITIONS = DEBUG;
				SWIFT_OPTIMIZATION_LEVEL = "-Onone";
			};
			name = Debug;
		};
		077616EC2852E21A00EB1E97 /* Release */ = {
			isa = XCBuildConfiguration;
			buildSettings = {
				ALWAYS_SEARCH_USER_PATHS = NO;
				CLANG_ANALYZER_NONNULL = YES;
				CLANG_ANALYZER_NUMBER_OBJECT_CONVERSION = YES_AGGRESSIVE;
				CLANG_CXX_LANGUAGE_STANDARD = "gnu++17";
				CLANG_ENABLE_MODULES = YES;
				CLANG_ENABLE_OBJC_ARC = YES;
				CLANG_ENABLE_OBJC_WEAK = YES;
				CLANG_WARN_BLOCK_CAPTURE_AUTORELEASING = YES;
				CLANG_WARN_BOOL_CONVERSION = YES;
				CLANG_WARN_COMMA = YES;
				CLANG_WARN_CONSTANT_CONVERSION = YES;
				CLANG_WARN_DEPRECATED_OBJC_IMPLEMENTATIONS = YES;
				CLANG_WARN_DIRECT_OBJC_ISA_USAGE = YES_ERROR;
				CLANG_WARN_DOCUMENTATION_COMMENTS = YES;
				CLANG_WARN_EMPTY_BODY = YES;
				CLANG_WARN_ENUM_CONVERSION = YES;
				CLANG_WARN_INFINITE_RECURSION = YES;
				CLANG_WARN_INT_CONVERSION = YES;
				CLANG_WARN_NON_LITERAL_NULL_CONVERSION = YES;
				CLANG_WARN_OBJC_IMPLICIT_RETAIN_SELF = YES;
				CLANG_WARN_OBJC_LITERAL_CONVERSION = YES;
				CLANG_WARN_OBJC_ROOT_CLASS = YES_ERROR;
				CLANG_WARN_QUOTED_INCLUDE_IN_FRAMEWORK_HEADER = YES;
				CLANG_WARN_RANGE_LOOP_ANALYSIS = YES;
				CLANG_WARN_STRICT_PROTOTYPES = YES;
				CLANG_WARN_SUSPICIOUS_MOVE = YES;
				CLANG_WARN_UNGUARDED_AVAILABILITY = YES_AGGRESSIVE;
				CLANG_WARN_UNREACHABLE_CODE = YES;
				CLANG_WARN__DUPLICATE_METHOD_MATCH = YES;
				COPY_PHASE_STRIP = NO;
				DEBUG_INFORMATION_FORMAT = "dwarf-with-dsym";
				ENABLE_NS_ASSERTIONS = NO;
				ENABLE_STRICT_OBJC_MSGSEND = YES;
				GCC_C_LANGUAGE_STANDARD = gnu11;
				GCC_NO_COMMON_BLOCKS = YES;
				GCC_WARN_64_TO_32_BIT_CONVERSION = YES;
				GCC_WARN_ABOUT_RETURN_TYPE = YES_ERROR;
				GCC_WARN_UNDECLARED_SELECTOR = YES;
				GCC_WARN_UNINITIALIZED_AUTOS = YES_AGGRESSIVE;
				GCC_WARN_UNUSED_FUNCTION = YES;
				GCC_WARN_UNUSED_VARIABLE = YES;
				IPHONEOS_DEPLOYMENT_TARGET = 15.4;
				MTL_ENABLE_DEBUG_INFO = NO;
				MTL_FAST_MATH = YES;
				SDKROOT = iphoneos;
				SWIFT_COMPILATION_MODE = wholemodule;
				SWIFT_OPTIMIZATION_LEVEL = "-O";
				VALIDATE_PRODUCT = YES;
			};
			name = Release;
		};
		077616EE2852E21A00EB1E97 /* Debug */ = {
			isa = XCBuildConfiguration;
			buildSettings = {
				ASSETCATALOG_COMPILER_APPICON_NAME = AppIcon;
				ASSETCATALOG_COMPILER_GLOBAL_ACCENT_COLOR_NAME = AccentColor;
				CODE_SIGN_STYLE = Automatic;
				CURRENT_PROJECT_VERSION = 1;
				GENERATE_INFOPLIST_FILE = YES;
				INFOPLIST_FILE = WorkItTalkIt/Info.plist;
				INFOPLIST_KEY_UIApplicationSupportsIndirectInputEvents = YES;
				INFOPLIST_KEY_UILaunchStoryboardName = LaunchScreen;
				INFOPLIST_KEY_UIMainStoryboardFile = Main;
				INFOPLIST_KEY_UISupportedInterfaceOrientations_iPad = "UIInterfaceOrientationPortrait UIInterfaceOrientationPortraitUpsideDown UIInterfaceOrientationLandscapeLeft UIInterfaceOrientationLandscapeRight";
				INFOPLIST_KEY_UISupportedInterfaceOrientations_iPhone = "UIInterfaceOrientationPortrait UIInterfaceOrientationLandscapeLeft UIInterfaceOrientationLandscapeRight";
				LD_RUNPATH_SEARCH_PATHS = (
					"$(inherited)",
					"@executable_path/Frameworks",
				);
				MARKETING_VERSION = 1.0;
				PRODUCT_BUNDLE_IDENTIFIER = com.WorkItTalkIt.WorkItTalkIt;
				PRODUCT_NAME = "$(TARGET_NAME)";
				SWIFT_EMIT_LOC_STRINGS = YES;
				SWIFT_VERSION = 5.0;
				TARGETED_DEVICE_FAMILY = "1,2";
			};
			name = Debug;
		};
		077616EF2852E21A00EB1E97 /* Release */ = {
			isa = XCBuildConfiguration;
			buildSettings = {
				ASSETCATALOG_COMPILER_APPICON_NAME = AppIcon;
				ASSETCATALOG_COMPILER_GLOBAL_ACCENT_COLOR_NAME = AccentColor;
				CODE_SIGN_STYLE = Automatic;
				CURRENT_PROJECT_VERSION = 1;
				GENERATE_INFOPLIST_FILE = YES;
				INFOPLIST_FILE = WorkItTalkIt/Info.plist;
				INFOPLIST_KEY_UIApplicationSupportsIndirectInputEvents = YES;
				INFOPLIST_KEY_UILaunchStoryboardName = LaunchScreen;
				INFOPLIST_KEY_UIMainStoryboardFile = Main;
				INFOPLIST_KEY_UISupportedInterfaceOrientations_iPad = "UIInterfaceOrientationPortrait UIInterfaceOrientationPortraitUpsideDown UIInterfaceOrientationLandscapeLeft UIInterfaceOrientationLandscapeRight";
				INFOPLIST_KEY_UISupportedInterfaceOrientations_iPhone = "UIInterfaceOrientationPortrait UIInterfaceOrientationLandscapeLeft UIInterfaceOrientationLandscapeRight";
				LD_RUNPATH_SEARCH_PATHS = (
					"$(inherited)",
					"@executable_path/Frameworks",
				);
				MARKETING_VERSION = 1.0;
				PRODUCT_BUNDLE_IDENTIFIER = com.WorkItTalkIt.WorkItTalkIt;
				PRODUCT_NAME = "$(TARGET_NAME)";
				SWIFT_EMIT_LOC_STRINGS = YES;
				SWIFT_VERSION = 5.0;
				TARGETED_DEVICE_FAMILY = "1,2";
			};
			name = Release;
		};
		077616F12852E21A00EB1E97 /* Debug */ = {
			isa = XCBuildConfiguration;
			buildSettings = {
				ALWAYS_EMBED_SWIFT_STANDARD_LIBRARIES = YES;
				BUNDLE_LOADER = "$(TEST_HOST)";
				CODE_SIGN_STYLE = Automatic;
				CURRENT_PROJECT_VERSION = 1;
				GENERATE_INFOPLIST_FILE = YES;
				IPHONEOS_DEPLOYMENT_TARGET = 15.4;
				MARKETING_VERSION = 1.0;
				PRODUCT_BUNDLE_IDENTIFIER = com.WorkItTalkIt.WorkItTalkItTests;
				PRODUCT_NAME = "$(TARGET_NAME)";
				SWIFT_EMIT_LOC_STRINGS = NO;
				SWIFT_VERSION = 5.0;
				TARGETED_DEVICE_FAMILY = "1,2";
				TEST_HOST = "$(BUILT_PRODUCTS_DIR)/WorkItTalkIt.app/WorkItTalkIt";
			};
			name = Debug;
		};
		077616F22852E21A00EB1E97 /* Release */ = {
			isa = XCBuildConfiguration;
			buildSettings = {
				ALWAYS_EMBED_SWIFT_STANDARD_LIBRARIES = YES;
				BUNDLE_LOADER = "$(TEST_HOST)";
				CODE_SIGN_STYLE = Automatic;
				CURRENT_PROJECT_VERSION = 1;
				GENERATE_INFOPLIST_FILE = YES;
				IPHONEOS_DEPLOYMENT_TARGET = 15.4;
				MARKETING_VERSION = 1.0;
				PRODUCT_BUNDLE_IDENTIFIER = com.WorkItTalkIt.WorkItTalkItTests;
				PRODUCT_NAME = "$(TARGET_NAME)";
				SWIFT_EMIT_LOC_STRINGS = NO;
				SWIFT_VERSION = 5.0;
				TARGETED_DEVICE_FAMILY = "1,2";
				TEST_HOST = "$(BUILT_PRODUCTS_DIR)/WorkItTalkIt.app/WorkItTalkIt";
			};
			name = Release;
		};
		077616F42852E21A00EB1E97 /* Debug */ = {
			isa = XCBuildConfiguration;
			buildSettings = {
				ALWAYS_EMBED_SWIFT_STANDARD_LIBRARIES = YES;
				CODE_SIGN_STYLE = Automatic;
				CURRENT_PROJECT_VERSION = 1;
				GENERATE_INFOPLIST_FILE = YES;
				MARKETING_VERSION = 1.0;
				PRODUCT_BUNDLE_IDENTIFIER = com.WorkItTalkIt.WorkItTalkItUITests;
				PRODUCT_NAME = "$(TARGET_NAME)";
				SWIFT_EMIT_LOC_STRINGS = NO;
				SWIFT_VERSION = 5.0;
				TARGETED_DEVICE_FAMILY = "1,2";
				TEST_TARGET_NAME = WorkItTalkIt;
			};
			name = Debug;
		};
		077616F52852E21A00EB1E97 /* Release */ = {
			isa = XCBuildConfiguration;
			buildSettings = {
				ALWAYS_EMBED_SWIFT_STANDARD_LIBRARIES = YES;
				CODE_SIGN_STYLE = Automatic;
				CURRENT_PROJECT_VERSION = 1;
				GENERATE_INFOPLIST_FILE = YES;
				MARKETING_VERSION = 1.0;
				PRODUCT_BUNDLE_IDENTIFIER = com.WorkItTalkIt.WorkItTalkItUITests;
				PRODUCT_NAME = "$(TARGET_NAME)";
				SWIFT_EMIT_LOC_STRINGS = NO;
				SWIFT_VERSION = 5.0;
				TARGETED_DEVICE_FAMILY = "1,2";
				TEST_TARGET_NAME = WorkItTalkIt;
			};
			name = Release;
		};
/* End XCBuildConfiguration section */

/* Begin XCConfigurationList section */
		077616BE2852E21900EB1E97 /* Build configuration list for PBXProject "WorkItTalkIt" */ = {
			isa = XCConfigurationList;
			buildConfigurations = (
				077616EB2852E21A00EB1E97 /* Debug */,
				077616EC2852E21A00EB1E97 /* Release */,
			);
			defaultConfigurationIsVisible = 0;
			defaultConfigurationName = Release;
		};
		077616ED2852E21A00EB1E97 /* Build configuration list for PBXNativeTarget "WorkItTalkIt" */ = {
			isa = XCConfigurationList;
			buildConfigurations = (
				077616EE2852E21A00EB1E97 /* Debug */,
				077616EF2852E21A00EB1E97 /* Release */,
			);
			defaultConfigurationIsVisible = 0;
			defaultConfigurationName = Release;
		};
		077616F02852E21A00EB1E97 /* Build configuration list for PBXNativeTarget "WorkItTalkItTests" */ = {
			isa = XCConfigurationList;
			buildConfigurations = (
				077616F12852E21A00EB1E97 /* Debug */,
				077616F22852E21A00EB1E97 /* Release */,
			);
			defaultConfigurationIsVisible = 0;
			defaultConfigurationName = Release;
		};
		077616F32852E21A00EB1E97 /* Build configuration list for PBXNativeTarget "WorkItTalkItUITests" */ = {
			isa = XCConfigurationList;
			buildConfigurations = (
				077616F42852E21A00EB1E97 /* Debug */,
				077616F52852E21A00EB1E97 /* Release */,
			);
			defaultConfigurationIsVisible = 0;
			defaultConfigurationName = Release;
		};
/* End XCConfigurationList section */
	};
	rootObject = 077616BB2852E21900EB1E97 /* Project object */;
}
